
Microsoft Visual Studio Solution File, Format Version 12.00
# Visual Studio Version 16
VisualStudioVersion = 16.0.31112.23
MinimumVisualStudioVersion = 10.0.40219.1
Project("{FAE04EC0-301F-11D3-BF4B-00C04F79EFBC}") = "siteProdutos", "siteProdutos\siteProdutos.csproj", "{B088DF91-3823-44CE-8DA8-62DF1EBD65BD}"
EndProject
Global
	GlobalSection(SolutionConfigurationPlatforms) = preSolution
		Debug|Any CPU = Debug|Any CPU
		Release|Any CPU = Release|Any CPU
	EndGlobalSection
	GlobalSection(ProjectConfigurationPlatforms) = postSolution
		{B088DF91-3823-44CE-8DA8-62DF1EBD65BD}.Debug|Any CPU.ActiveCfg = Debug|Any CPU
		{B088DF91-3823-44CE-8DA8-62DF1EBD65BD}.Debug|Any CPU.Build.0 = Debug|Any CPU
		{B088DF91-3823-44CE-8DA8-62DF1EBD65BD}.Release|Any CPU.ActiveCfg = Release|Any CPU
		{B088DF91-3823-44CE-8DA8-62DF1EBD65BD}.Release|Any CPU.Build.0 = Release|Any CPU
	EndGlobalSection
	GlobalSection(SolutionProperties) = preSolution
		HideSolutionNode = FALSE
	EndGlobalSection
	GlobalSection(ExtensibilityGlobals) = postSolution
		SolutionGuid = {0097C4C3-4E15-4F67-9E42-01871A0816AD}
	EndGlobalSection
EndGlobal
